
Microsoft Visual Studio Solution File, Format Version 12.00
# Visual Studio 15
VisualStudioVersion = 15.0.28307.489
MinimumVisualStudioVersion = 10.0.40219.1
Project("{FAE04EC0-301F-11D3-BF4B-00C04F79EFBC}") = "Anagrama", "Anagrama\Anagrama.csproj", "{B63815AC-D4CE-4910-9959-B460C8947A67}"
EndProject
Project("{FAE04EC0-301F-11D3-BF4B-00C04F79EFBC}") = "VistaConsola", "VistaConsola\VistaConsola.csproj", "{FBF8A457-B3F7-4439-81D7-C4CD061FF7CA}"
EndProject
Global
	GlobalSection(SolutionConfigurationPlatforms) = preSolution
		Debug|Any CPU = Debug|Any CPU
		Release|Any CPU = Release|Any CPU
	EndGlobalSection
	GlobalSection(ProjectConfigurationPlatforms) = postSolution
		{B63815AC-D4CE-4910-9959-B460C8947A67}.Debug|Any CPU.ActiveCfg = Debug|Any CPU
		{B63815AC-D4CE-4910-9959-B460C8947A67}.Debug|Any CPU.Build.0 = Debug|Any CPU
		{B63815AC-D4CE-4910-9959-B460C8947A67}.Release|Any CPU.ActiveCfg = Release|Any CPU
		{B63815AC-D4CE-4910-9959-B460C8947A67}.Release|Any CPU.Build.0 = Release|Any CPU
		{FBF8A457-B3F7-4439-81D7-C4CD061FF7CA}.Debug|Any CPU.ActiveCfg = Debug|Any CPU
		{FBF8A457-B3F7-4439-81D7-C4CD061FF7CA}.Debug|Any CPU.Build.0 = Debug|Any CPU
		{FBF8A457-B3F7-4439-81D7-C4CD061FF7CA}.Release|Any CPU.ActiveCfg = Release|Any CPU
		{FBF8A457-B3F7-4439-81D7-C4CD061FF7CA}.Release|Any CPU.Build.0 = Release|Any CPU
	EndGlobalSection
	GlobalSection(SolutionProperties) = preSolution
		HideSolutionNode = FALSE
	EndGlobalSection
	GlobalSection(ExtensibilityGlobals) = postSolution
		SolutionGuid = {9C9CDA84-D8DC-42C0-B170-A08AAD270763}
	EndGlobalSection
EndGlobal
