
Microsoft Visual Studio Solution File, Format Version 12.00
# Visual Studio 15
VisualStudioVersion = 15.0.28307.489
MinimumVisualStudioVersion = 10.0.40219.1
Project("{FAE04EC0-301F-11D3-BF4B-00C04F79EFBC}") = "VistaConsola", "VistaConsola\VistaConsola.csproj", "{A80F10F8-61A8-48E1-B19A-A9A8F10D58BE}"
EndProject
Project("{FAE04EC0-301F-11D3-BF4B-00C04F79EFBC}") = "Entidades", "Entidades\Entidades.csproj", "{EC965FB1-2ED2-441D-8BC6-173EFE03B1DA}"
EndProject
Project("{FAE04EC0-301F-11D3-BF4B-00C04F79EFBC}") = "VistaForms", "VistaForms\VistaForms.csproj", "{E9AE69C4-A053-4FE9-A738-1C789723FED1}"
EndProject
Global
	GlobalSection(SolutionConfigurationPlatforms) = preSolution
		Debug|Any CPU = Debug|Any CPU
		Release|Any CPU = Release|Any CPU
	EndGlobalSection
	GlobalSection(ProjectConfigurationPlatforms) = postSolution
		{A80F10F8-61A8-48E1-B19A-A9A8F10D58BE}.Debug|Any CPU.ActiveCfg = Debug|Any CPU
		{A80F10F8-61A8-48E1-B19A-A9A8F10D58BE}.Debug|Any CPU.Build.0 = Debug|Any CPU
		{A80F10F8-61A8-48E1-B19A-A9A8F10D58BE}.Release|Any CPU.ActiveCfg = Release|Any CPU
		{A80F10F8-61A8-48E1-B19A-A9A8F10D58BE}.Release|Any CPU.Build.0 = Release|Any CPU
		{EC965FB1-2ED2-441D-8BC6-173EFE03B1DA}.Debug|Any CPU.ActiveCfg = Debug|Any CPU
		{EC965FB1-2ED2-441D-8BC6-173EFE03B1DA}.Debug|Any CPU.Build.0 = Debug|Any CPU
		{EC965FB1-2ED2-441D-8BC6-173EFE03B1DA}.Release|Any CPU.ActiveCfg = Release|Any CPU
		{EC965FB1-2ED2-441D-8BC6-173EFE03B1DA}.Release|Any CPU.Build.0 = Release|Any CPU
		{E9AE69C4-A053-4FE9-A738-1C789723FED1}.Debug|Any CPU.ActiveCfg = Debug|Any CPU
		{E9AE69C4-A053-4FE9-A738-1C789723FED1}.Debug|Any CPU.Build.0 = Debug|Any CPU
		{E9AE69C4-A053-4FE9-A738-1C789723FED1}.Release|Any CPU.ActiveCfg = Release|Any CPU
		{E9AE69C4-A053-4FE9-A738-1C789723FED1}.Release|Any CPU.Build.0 = Release|Any CPU
	EndGlobalSection
	GlobalSection(SolutionProperties) = preSolution
		HideSolutionNode = FALSE
	EndGlobalSection
	GlobalSection(ExtensibilityGlobals) = postSolution
		SolutionGuid = {A3E1FC4C-3811-485C-90A6-77B432247B9B}
	EndGlobalSection
EndGlobal
