
Microsoft Visual Studio Solution File, Format Version 12.00
# Visual Studio 15
VisualStudioVersion = 15.0.28307.489
MinimumVisualStudioVersion = 10.0.40219.1
Project("{FAE04EC0-301F-11D3-BF4B-00C04F79EFBC}") = "Entidades", "Entidades\Entidades.csproj", "{A2C07D21-DF63-4A3D-A5A4-42A289974218}"
EndProject
Global
	GlobalSection(SolutionConfigurationPlatforms) = preSolution
		Debug|Any CPU = Debug|Any CPU
		Release|Any CPU = Release|Any CPU
	EndGlobalSection
	GlobalSection(ProjectConfigurationPlatforms) = postSolution
		{A2C07D21-DF63-4A3D-A5A4-42A289974218}.Debug|Any CPU.ActiveCfg = Debug|Any CPU
		{A2C07D21-DF63-4A3D-A5A4-42A289974218}.Debug|Any CPU.Build.0 = Debug|Any CPU
		{A2C07D21-DF63-4A3D-A5A4-42A289974218}.Release|Any CPU.ActiveCfg = Release|Any CPU
		{A2C07D21-DF63-4A3D-A5A4-42A289974218}.Release|Any CPU.Build.0 = Release|Any CPU
	EndGlobalSection
	GlobalSection(SolutionProperties) = preSolution
		HideSolutionNode = FALSE
	EndGlobalSection
	GlobalSection(ExtensibilityGlobals) = postSolution
		SolutionGuid = {F229462D-BCDD-42E3-8D4D-9FAA13FB4BD9}
	EndGlobalSection
EndGlobal
